// !$*UTF8*$!
{
	archiveVersion = 1;
	classes = {
	};
	objectVersion = 46;
	objects = {

/* Begin PBXBuildFile section */
		8B119B84177ABE60009D553E /* bar1_1.png in Resources */ = {isa = PBXBuildFile; fileRef = 8B119B82177ABE60009D553E /* bar1_1.png */; };
		8B119B85177ABE60009D553E /* bar1_1@2x.png in Resources */ = {isa = PBXBuildFile; fileRef = 8B119B83177ABE60009D553E /* bar1_1@2x.png */; };
		8B119B88177ABEE4009D553E /* bar1_2.png in Resources */ = {isa = PBXBuildFile; fileRef = 8B119B86177ABEE3009D553E /* bar1_2.png */; };
		8B119B89177ABEE4009D553E /* bar1_2@2x.png in Resources */ = {isa = PBXBuildFile; fileRef = 8B119B87177ABEE4009D553E /* bar1_2@2x.png */; };
		8B119B8E177ABFDC009D553E /* bar2_1.png in Resources */ = {isa = PBXBuildFile; fileRef = 8B119B8A177ABFDC009D553E /* bar2_1.png */; };
		8B119B8F177ABFDC009D553E /* bar2_1@2x.png in Resources */ = {isa = PBXBuildFile; fileRef = 8B119B8B177ABFDC009D553E /* bar2_1@2x.png */; };
		8B119B90177ABFDC009D553E /* bar2_2.png in Resources */ = {isa = PBXBuildFile; fileRef = 8B119B8C177ABFDC009D553E /* bar2_2.png */; };
		8B119B91177ABFDC009D553E /* bar2_2@2x.png in Resources */ = {isa = PBXBuildFile; fileRef = 8B119B8D177ABFDC009D553E /* bar2_2@2x.png */; };
		8B119B96177AC0BC009D553E /* bar3_1.png in Resources */ = {isa = PBXBuildFile; fileRef = 8B119B92177AC0BC009D553E /* bar3_1.png */; };
		8B119B97177AC0BC009D553E /* bar3_1@2x.png in Resources */ = {isa = PBXBuildFile; fileRef = 8B119B93177AC0BC009D553E /* bar3_1@2x.png */; };
		8B119B98177AC0BC009D553E /* bar3_2.png in Resources */ = {isa = PBXBuildFile; fileRef = 8B119B94177AC0BC009D553E /* bar3_2.png */; };
		8B119B99177AC0BC009D553E /* bar3_2@2x.png in Resources */ = {isa = PBXBuildFile; fileRef = 8B119B95177AC0BC009D553E /* bar3_2@2x.png */; };
		8B119B9E177AC147009D553E /* bar4_1.png in Resources */ = {isa = PBXBuildFile; fileRef = 8B119B9A177AC147009D553E /* bar4_1.png */; };
		8B119B9F177AC147009D553E /* bar4_1@2x.png in Resources */ = {isa = PBXBuildFile; fileRef = 8B119B9B177AC147009D553E /* bar4_1@2x.png */; };
		8B119BA0177AC147009D553E /* bar4_2.png in Resources */ = {isa = PBXBuildFile; fileRef = 8B119B9C177AC147009D553E /* bar4_2.png */; };
		8B119BA1177AC147009D553E /* bar4_2@2x.png in Resources */ = {isa = PBXBuildFile; fileRef = 8B119B9D177AC147009D553E /* bar4_2@2x.png */; };
		8B1D0D0C1757550C00A17375 /* UIKit.framework in Frameworks */ = {isa = PBXBuildFile; fileRef = 8B1D0D0B1757550C00A17375 /* UIKit.framework */; };
		8B1D0D0E1757550C00A17375 /* Foundation.framework in Frameworks */ = {isa = PBXBuildFile; fileRef = 8B1D0D0D1757550C00A17375 /* Foundation.framework */; };
		8B1D0D101757550C00A17375 /* CoreGraphics.framework in Frameworks */ = {isa = PBXBuildFile; fileRef = 8B1D0D0F1757550C00A17375 /* CoreGraphics.framework */; };
		8B1D0D161757550C00A17375 /* InfoPlist.strings in Resources */ = {isa = PBXBuildFile; fileRef = 8B1D0D141757550C00A17375 /* InfoPlist.strings */; };
		8B1D0D181757550C00A17375 /* main.m in Sources */ = {isa = PBXBuildFile; fileRef = 8B1D0D171757550C00A17375 /* main.m */; };
		8B1D0D1C1757550C00A17375 /* IMessageAppDelegate.m in Sources */ = {isa = PBXBuildFile; fileRef = 8B1D0D1B1757550C00A17375 /* IMessageAppDelegate.m */; };
		8B1D0D6F175755A300A17375 /* ASIAuthenticationDialog.m in Sources */ = {isa = PBXBuildFile; fileRef = 8B1D0D2A175755A300A17375 /* ASIAuthenticationDialog.m */; settings = {COMPILER_FLAGS = "-fno-objc-arc"; }; };
		8B1D0D70175755A300A17375 /* ASIDataCompressor.m in Sources */ = {isa = PBXBuildFile; fileRef = 8B1D0D2D175755A300A17375 /* ASIDataCompressor.m */; settings = {COMPILER_FLAGS = "-fno-objc-arc"; }; };
		8B1D0D71175755A300A17375 /* ASIDataDecompressor.m in Sources */ = {isa = PBXBuildFile; fileRef = 8B1D0D2F175755A300A17375 /* ASIDataDecompressor.m */; settings = {COMPILER_FLAGS = "-fno-objc-arc"; }; };
		8B1D0D72175755A300A17375 /* ASIDownloadCache.m in Sources */ = {isa = PBXBuildFile; fileRef = 8B1D0D31175755A300A17375 /* ASIDownloadCache.m */; settings = {COMPILER_FLAGS = "-fno-objc-arc"; }; };
		8B1D0D73175755A300A17375 /* ASIFormDataRequest.m in Sources */ = {isa = PBXBuildFile; fileRef = 8B1D0D33175755A300A17375 /* ASIFormDataRequest.m */; settings = {COMPILER_FLAGS = "-fno-objc-arc"; }; };
		8B1D0D74175755A300A17375 /* ASIHTTPRequest.m in Sources */ = {isa = PBXBuildFile; fileRef = 8B1D0D35175755A300A17375 /* ASIHTTPRequest.m */; settings = {COMPILER_FLAGS = "-fno-objc-arc"; }; };
		8B1D0D75175755A300A17375 /* ASIInputStream.m in Sources */ = {isa = PBXBuildFile; fileRef = 8B1D0D39175755A300A17375 /* ASIInputStream.m */; settings = {COMPILER_FLAGS = "-fno-objc-arc"; }; };
		8B1D0D76175755A300A17375 /* ASINetworkQueue.m in Sources */ = {isa = PBXBuildFile; fileRef = 8B1D0D3B175755A300A17375 /* ASINetworkQueue.m */; settings = {COMPILER_FLAGS = "-fno-objc-arc"; }; };
		8B1D0D77175755A300A17375 /* Reachability.m in Sources */ = {isa = PBXBuildFile; fileRef = 8B1D0D3F175755A300A17375 /* Reachability.m */; settings = {COMPILER_FLAGS = "-fno-objc-arc"; }; };
		8B1D0DC0175755B200A17375 /* JSONKit.m in Sources */ = {isa = PBXBuildFile; fileRef = 8B1D0D8B175755B200A17375 /* JSONKit.m */; settings = {COMPILER_FLAGS = "-fno-objc-arc"; }; };
		8B1D0DD7175755CE00A17375 /* SystemConfiguration.framework in Frameworks */ = {isa = PBXBuildFile; fileRef = 8B1D0DD6175755CE00A17375 /* SystemConfiguration.framework */; };
		8B1D0DD9175755D700A17375 /* MobileCoreServices.framework in Frameworks */ = {isa = PBXBuildFile; fileRef = 8B1D0DD8175755D700A17375 /* MobileCoreServices.framework */; };
		8B1D0DDB175755DF00A17375 /* libz.dylib in Frameworks */ = {isa = PBXBuildFile; fileRef = 8B1D0DDA175755DF00A17375 /* libz.dylib */; };
		8B1D0DDD175755E700A17375 /* QuartzCore.framework in Frameworks */ = {isa = PBXBuildFile; fileRef = 8B1D0DDC175755E700A17375 /* QuartzCore.framework */; };
		8B1D0DDF175755EF00A17375 /* CoreTelephony.framework in Frameworks */ = {isa = PBXBuildFile; fileRef = 8B1D0DDE175755EF00A17375 /* CoreTelephony.framework */; };
		8B1D0DE1175755F800A17375 /* CoreLocation.framework in Frameworks */ = {isa = PBXBuildFile; fileRef = 8B1D0DE0175755F800A17375 /* CoreLocation.framework */; };
		8B1D0DE51757560900A17375 /* libxml2.dylib in Frameworks */ = {isa = PBXBuildFile; fileRef = 8B1D0DE41757560900A17375 /* libxml2.dylib */; };
		8B1D0DE71757561100A17375 /* libresolv.dylib in Frameworks */ = {isa = PBXBuildFile; fileRef = 8B1D0DE61757561100A17375 /* libresolv.dylib */; };
		8B1D0DE91757561700A17375 /* CFNetwork.framework in Frameworks */ = {isa = PBXBuildFile; fileRef = 8B1D0DE81757561700A17375 /* CFNetwork.framework */; };
		8B1D0DEB1757561E00A17375 /* Security.framework in Frameworks */ = {isa = PBXBuildFile; fileRef = 8B1D0DEA1757561E00A17375 /* Security.framework */; };
		8B1D0DF11757574400A17375 /* RequestURL.m in Sources */ = {isa = PBXBuildFile; fileRef = 8B1D0DF01757574400A17375 /* RequestURL.m */; };
		8B1D0DF7175757FF00A17375 /* AddressBook.m in Sources */ = {isa = PBXBuildFile; fileRef = 8B1D0DF6175757FF00A17375 /* AddressBook.m */; };
		8B1D0DFA1757583B00A17375 /* NetWorkData.m in Sources */ = {isa = PBXBuildFile; fileRef = 8B1D0DF91757583B00A17375 /* NetWorkData.m */; };
		8B1D0DFD1757588900A17375 /* IMessageService.m in Sources */ = {isa = PBXBuildFile; fileRef = 8B1D0DFC1757588800A17375 /* IMessageService.m */; };
		8B1D0E0517575A3500A17375 /* IMessageViewController.m in Sources */ = {isa = PBXBuildFile; fileRef = 8B1D0E0417575A3500A17375 /* IMessageViewController.m */; };
		8B1D0E1217575EDB00A17375 /* bar1.png in Resources */ = {isa = PBXBuildFile; fileRef = 8B1D0E1017575EDB00A17375 /* bar1.png */; };
		8B1D0E1317575EDB00A17375 /* bar1@2x.png in Resources */ = {isa = PBXBuildFile; fileRef = 8B1D0E1117575EDB00A17375 /* bar1@2x.png */; };
		8B2312381777FDB800D5656B /* 1712.wav in Resources */ = {isa = PBXBuildFile; fileRef = 8B2312341777FDB800D5656B /* 1712.wav */; };
		8B23123A1777FFA200D5656B /* AudioToolbox.framework in Frameworks */ = {isa = PBXBuildFile; fileRef = 8B2312391777FFA200D5656B /* AudioToolbox.framework */; };
		8B907607176F0A1E00DB0D3F /* JSBadgeView.m in Sources */ = {isa = PBXBuildFile; fileRef = 8B907601176EF3DC00DB0D3F /* JSBadgeView.m */; };
		8B9446AC175C71FB00171B35 /* DejalActivityView.m in Sources */ = {isa = PBXBuildFile; fileRef = 8B9446AB175C71FB00171B35 /* DejalActivityView.m */; };
		8B9446AF175D8FFA00171B35 /* SqliteData.m in Sources */ = {isa = PBXBuildFile; fileRef = 8B9446AE175D8FFA00171B35 /* SqliteData.m */; };
		8B9446B31760635900171B35 /* FindLevelViewController.m in Sources */ = {isa = PBXBuildFile; fileRef = 8B9446B11760635900171B35 /* FindLevelViewController.m */; };
		8B9446B41760635900171B35 /* FindLevelViewController.xib in Resources */ = {isa = PBXBuildFile; fileRef = 8B9446B21760635900171B35 /* FindLevelViewController.xib */; };
		8B9446B71760670A00171B35 /* FindLevel.m in Sources */ = {isa = PBXBuildFile; fileRef = 8B9446B61760670A00171B35 /* FindLevel.m */; };
		8B9446BA17606FBC00171B35 /* FindLevelDetailViewController.m in Sources */ = {isa = PBXBuildFile; fileRef = 8B9446B917606FBC00171B35 /* FindLevelDetailViewController.m */; };
		8B9446BC17606FDF00171B35 /* FindLevelDetailViewController.xib in Resources */ = {isa = PBXBuildFile; fileRef = 8B9446BB17606FDE00171B35 /* FindLevelDetailViewController.xib */; };
		8B9446BF1761A6B300171B35 /* TeacherViewController.m in Sources */ = {isa = PBXBuildFile; fileRef = 8B9446BE1761A6B300171B35 /* TeacherViewController.m */; };
		8B9446C11761A6F700171B35 /* TeacherViewController.xib in Resources */ = {isa = PBXBuildFile; fileRef = 8B9446C01761A6F700171B35 /* TeacherViewController.xib */; };
		8BA2A8F11771980C00145C7E /* bubbleMine.png in Resources */ = {isa = PBXBuildFile; fileRef = 8BA2A8ED1771980B00145C7E /* bubbleMine.png */; };
		8BA2A8F21771980C00145C7E /* bubbleMine@2x.png in Resources */ = {isa = PBXBuildFile; fileRef = 8BA2A8EE1771980B00145C7E /* bubbleMine@2x.png */; };
		8BA2A8F31771980C00145C7E /* bubbleSomeone.png in Resources */ = {isa = PBXBuildFile; fileRef = 8BA2A8EF1771980B00145C7E /* bubbleSomeone.png */; };
		8BA2A8F41771980C00145C7E /* bubbleSomeone@2x.png in Resources */ = {isa = PBXBuildFile; fileRef = 8BA2A8F01771980C00145C7E /* bubbleSomeone@2x.png */; };
		8BA3442D1761BB5C00DC0E53 /* TeacherViewCellController.m in Sources */ = {isa = PBXBuildFile; fileRef = 8BA3442C1761BB5C00DC0E53 /* TeacherViewCellController.m */; };
		8BA3442F1761BBA900DC0E53 /* TeacherViewCellController.xib in Resources */ = {isa = PBXBuildFile; fileRef = 8BA3442E1761BBA900DC0E53 /* TeacherViewCellController.xib */; };
		8BA344331762D2D000DC0E53 /* TeacherDetailViewController.m in Sources */ = {isa = PBXBuildFile; fileRef = 8BA344311762D2CF00DC0E53 /* TeacherDetailViewController.m */; };
		8BA344341762D2D000DC0E53 /* TeacherDetailViewController.xib in Resources */ = {isa = PBXBuildFile; fileRef = 8BA344321762D2CF00DC0E53 /* TeacherDetailViewController.xib */; };
		8BA3443E176327D800DC0E53 /* TalkMessage.m in Sources */ = {isa = PBXBuildFile; fileRef = 8BA3443D176327D800DC0E53 /* TalkMessage.m */; };
		8BE9607F17816604009CF1F0 /* Default.png in Resources */ = {isa = PBXBuildFile; fileRef = 8BE9607C17816604009CF1F0 /* Default.png */; };
		8BE9608017816604009CF1F0 /* Default@2x.png in Resources */ = {isa = PBXBuildFile; fileRef = 8BE9607D17816604009CF1F0 /* Default@2x.png */; };
		8BE96082178166FB009CF1F0 /* Default-586h@2x.png in Resources */ = {isa = PBXBuildFile; fileRef = 8BE96081178166FB009CF1F0 /* Default-586h@2x.png */; };
		8BE9608517816755009CF1F0 /* Icon.png in Resources */ = {isa = PBXBuildFile; fileRef = 8BE9608317816755009CF1F0 /* Icon.png */; };
		8BE9608617816755009CF1F0 /* Icon@2x.png in Resources */ = {isa = PBXBuildFile; fileRef = 8BE9608417816755009CF1F0 /* Icon@2x.png */; };
		8BEC3D4417A62743003D345A /* libsqlite3.0.dylib in Frameworks */ = {isa = PBXBuildFile; fileRef = 8BEC3D4317A62743003D345A /* libsqlite3.0.dylib */; };
/* End PBXBuildFile section */

/* Begin PBXFileReference section */
		8B119B82177ABE60009D553E /* bar1_1.png */ = {isa = PBXFileReference; lastKnownFileType = image.png; path = bar1_1.png; sourceTree = "<group>"; };
		8B119B83177ABE60009D553E /* bar1_1@2x.png */ = {isa = PBXFileReference; lastKnownFileType = image.png; path = "bar1_1@2x.png"; sourceTree = "<group>"; };
		8B119B86177ABEE3009D553E /* bar1_2.png */ = {isa = PBXFileReference; lastKnownFileType = image.png; path = bar1_2.png; sourceTree = "<group>"; };
		8B119B87177ABEE4009D553E /* bar1_2@2x.png */ = {isa = PBXFileReference; lastKnownFileType = image.png; path = "bar1_2@2x.png"; sourceTree = "<group>"; };
		8B119B8A177ABFDC009D553E /* bar2_1.png */ = {isa = PBXFileReference; lastKnownFileType = image.png; path = bar2_1.png; sourceTree = "<group>"; };
		8B119B8B177ABFDC009D553E /* bar2_1@2x.png */ = {isa = PBXFileReference; lastKnownFileType = image.png; path = "bar2_1@2x.png"; sourceTree = "<group>"; };
		8B119B8C177ABFDC009D553E /* bar2_2.png */ = {isa = PBXFileReference; lastKnownFileType = image.png; path = bar2_2.png; sourceTree = "<group>"; };
		8B119B8D177ABFDC009D553E /* bar2_2@2x.png */ = {isa = PBXFileReference; lastKnownFileType = image.png; path = "bar2_2@2x.png"; sourceTree = "<group>"; };
		8B119B92177AC0BC009D553E /* bar3_1.png */ = {isa = PBXFileReference; lastKnownFileType = image.png; path = bar3_1.png; sourceTree = "<group>"; };
		8B119B93177AC0BC009D553E /* bar3_1@2x.png */ = {isa = PBXFileReference; lastKnownFileType = image.png; path = "bar3_1@2x.png"; sourceTree = "<group>"; };
		8B119B94177AC0BC009D553E /* bar3_2.png */ = {isa = PBXFileReference; lastKnownFileType = image.png; path = bar3_2.png; sourceTree = "<group>"; };
		8B119B95177AC0BC009D553E /* bar3_2@2x.png */ = {isa = PBXFileReference; lastKnownFileType = image.png; path = "bar3_2@2x.png"; sourceTree = "<group>"; };
		8B119B9A177AC147009D553E /* bar4_1.png */ = {isa = PBXFileReference; lastKnownFileType = image.png; path = bar4_1.png; sourceTree = "<group>"; };
		8B119B9B177AC147009D553E /* bar4_1@2x.png */ = {isa = PBXFileReference; lastKnownFileType = image.png; path = "bar4_1@2x.png"; sourceTree = "<group>"; };
		8B119B9C177AC147009D553E /* bar4_2.png */ = {isa = PBXFileReference; lastKnownFileType = image.png; path = bar4_2.png; sourceTree = "<group>"; };
		8B119B9D177AC147009D553E /* bar4_2@2x.png */ = {isa = PBXFileReference; lastKnownFileType = image.png; path = "bar4_2@2x.png"; sourceTree = "<group>"; };
		8B1D0D081757550C00A17375 /* IMessage.app */ = {isa = PBXFileReference; explicitFileType = wrapper.application; includeInIndex = 0; path = IMessage.app; sourceTree = BUILT_PRODUCTS_DIR; };
		8B1D0D0B1757550C00A17375 /* UIKit.framework */ = {isa = PBXFileReference; lastKnownFileType = wrapper.framework; name = UIKit.framework; path = System/Library/Frameworks/UIKit.framework; sourceTree = SDKROOT; };
		8B1D0D0D1757550C00A17375 /* Foundation.framework */ = {isa = PBXFileReference; lastKnownFileType = wrapper.framework; name = Foundation.framework; path = System/Library/Frameworks/Foundation.framework; sourceTree = SDKROOT; };
		8B1D0D0F1757550C00A17375 /* CoreGraphics.framework */ = {isa = PBXFileReference; lastKnownFileType = wrapper.framework; name = CoreGraphics.framework; path = System/Library/Frameworks/CoreGraphics.framework; sourceTree = SDKROOT; };
		8B1D0D131757550C00A17375 /* IMessage-Info.plist */ = {isa = PBXFileReference; lastKnownFileType = text.plist.xml; path = "IMessage-Info.plist"; sourceTree = "<group>"; };
		8B1D0D151757550C00A17375 /* en */ = {isa = PBXFileReference; lastKnownFileType = text.plist.strings; name = en; path = en.lproj/InfoPlist.strings; sourceTree = "<group>"; };
		8B1D0D171757550C00A17375 /* main.m */ = {isa = PBXFileReference; lastKnownFileType = sourcecode.c.objc; path = main.m; sourceTree = "<group>"; };
		8B1D0D191757550C00A17375 /* IMessage-Prefix.pch */ = {isa = PBXFileReference; lastKnownFileType = sourcecode.c.h; path = "IMessage-Prefix.pch"; sourceTree = "<group>"; };
		8B1D0D1A1757550C00A17375 /* IMessageAppDelegate.h */ = {isa = PBXFileReference; lastKnownFileType = sourcecode.c.h; path = IMessageAppDelegate.h; sourceTree = "<group>"; };
		8B1D0D1B1757550C00A17375 /* IMessageAppDelegate.m */ = {isa = PBXFileReference; lastKnownFileType = sourcecode.c.objc; path = IMessageAppDelegate.m; sourceTree = "<group>"; };
		8B1D0D29175755A300A17375 /* ASIAuthenticationDialog.h */ = {isa = PBXFileReference; fileEncoding = 4; lastKnownFileType = sourcecode.c.h; path = ASIAuthenticationDialog.h; sourceTree = "<group>"; };
		8B1D0D2A175755A300A17375 /* ASIAuthenticationDialog.m */ = {isa = PBXFileReference; fileEncoding = 4; lastKnownFileType = sourcecode.c.objc; path = ASIAuthenticationDialog.m; sourceTree = "<group>"; };
		8B1D0D2B175755A300A17375 /* ASICacheDelegate.h */ = {isa = PBXFileReference; fileEncoding = 4; lastKnownFileType = sourcecode.c.h; path = ASICacheDelegate.h; sourceTree = "<group>"; };
		8B1D0D2C175755A300A17375 /* ASIDataCompressor.h */ = {isa = PBXFileReference; fileEncoding = 4; lastKnownFileType = sourcecode.c.h; path = ASIDataCompressor.h; sourceTree = "<group>"; };
		8B1D0D2D175755A300A17375 /* ASIDataCompressor.m */ = {isa = PBXFileReference; fileEncoding = 4; lastKnownFileType = sourcecode.c.objc; path = ASIDataCompressor.m; sourceTree = "<group>"; };
		8B1D0D2E175755A300A17375 /* ASIDataDecompressor.h */ = {isa = PBXFileReference; fileEncoding = 4; lastKnownFileType = sourcecode.c.h; path = ASIDataDecompressor.h; sourceTree = "<group>"; };
		8B1D0D2F175755A300A17375 /* ASIDataDecompressor.m */ = {isa = PBXFileReference; fileEncoding = 4; lastKnownFileType = sourcecode.c.objc; path = ASIDataDecompressor.m; sourceTree = "<group>"; };
		8B1D0D30175755A300A17375 /* ASIDownloadCache.h */ = {isa = PBXFileReference; fileEncoding = 4; lastKnownFileType = sourcecode.c.h; path = ASIDownloadCache.h; sourceTree = "<group>"; };
		8B1D0D31175755A300A17375 /* ASIDownloadCache.m */ = {isa = PBXFileReference; fileEncoding = 4; lastKnownFileType = sourcecode.c.objc; path = ASIDownloadCache.m; sourceTree = "<group>"; };
		8B1D0D32175755A300A17375 /* ASIFormDataRequest.h */ = {isa = PBXFileReference; fileEncoding = 4; lastKnownFileType = sourcecode.c.h; path = ASIFormDataRequest.h; sourceTree = "<group>"; };
		8B1D0D33175755A300A17375 /* ASIFormDataRequest.m */ = {isa = PBXFileReference; fileEncoding = 4; lastKnownFileType = sourcecode.c.objc; path = ASIFormDataRequest.m; sourceTree = "<group>"; };
		8B1D0D34175755A300A17375 /* ASIHTTPRequest.h */ = {isa = PBXFileReference; fileEncoding = 4; lastKnownFileType = sourcecode.c.h; path = ASIHTTPRequest.h; sourceTree = "<group>"; };
		8B1D0D35175755A300A17375 /* ASIHTTPRequest.m */ = {isa = PBXFileReference; fileEncoding = 4; lastKnownFileType = sourcecode.c.objc; path = ASIHTTPRequest.m; sourceTree = "<group>"; };
		8B1D0D36175755A300A17375 /* ASIHTTPRequestConfig.h */ = {isa = PBXFileReference; fileEncoding = 4; lastKnownFileType = sourcecode.c.h; path = ASIHTTPRequestConfig.h; sourceTree = "<group>"; };
		8B1D0D37175755A300A17375 /* ASIHTTPRequestDelegate.h */ = {isa = PBXFileReference; fileEncoding = 4; lastKnownFileType = sourcecode.c.h; path = ASIHTTPRequestDelegate.h; sourceTree = "<group>"; };
		8B1D0D38175755A300A17375 /* ASIInputStream.h */ = {isa = PBXFileReference; fileEncoding = 4; lastKnownFileType = sourcecode.c.h; path = ASIInputStream.h; sourceTree = "<group>"; };
		8B1D0D39175755A300A17375 /* ASIInputStream.m */ = {isa = PBXFileReference; fileEncoding = 4; lastKnownFileType = sourcecode.c.objc; path = ASIInputStream.m; sourceTree = "<group>"; };
		8B1D0D3A175755A300A17375 /* ASINetworkQueue.h */ = {isa = PBXFileReference; fileEncoding = 4; lastKnownFileType = sourcecode.c.h; path = ASINetworkQueue.h; sourceTree = "<group>"; };
		8B1D0D3B175755A300A17375 /* ASINetworkQueue.m */ = {isa = PBXFileReference; fileEncoding = 4; lastKnownFileType = sourcecode.c.objc; path = ASINetworkQueue.m; sourceTree = "<group>"; };
		8B1D0D3C175755A300A17375 /* ASIProgressDelegate.h */ = {isa = PBXFileReference; fileEncoding = 4; lastKnownFileType = sourcecode.c.h; path = ASIProgressDelegate.h; sourceTree = "<group>"; };
		8B1D0D3E175755A300A17375 /* Reachability.h */ = {isa = PBXFileReference; fileEncoding = 4; lastKnownFileType = sourcecode.c.h; path = Reachability.h; sourceTree = "<group>"; };
		8B1D0D3F175755A300A17375 /* Reachability.m */ = {isa = PBXFileReference; fileEncoding = 4; lastKnownFileType = sourcecode.c.objc; path = Reachability.m; sourceTree = "<group>"; };
		8B1D0D8A175755B200A17375 /* JSONKit.h */ = {isa = PBXFileReference; fileEncoding = 4; lastKnownFileType = sourcecode.c.h; path = JSONKit.h; sourceTree = "<group>"; };
		8B1D0D8B175755B200A17375 /* JSONKit.m */ = {isa = PBXFileReference; fileEncoding = 4; lastKnownFileType = sourcecode.c.objc; path = JSONKit.m; sourceTree = "<group>"; };
		8B1D0DD6175755CE00A17375 /* SystemConfiguration.framework */ = {isa = PBXFileReference; lastKnownFileType = wrapper.framework; name = SystemConfiguration.framework; path = System/Library/Frameworks/SystemConfiguration.framework; sourceTree = SDKROOT; };
		8B1D0DD8175755D700A17375 /* MobileCoreServices.framework */ = {isa = PBXFileReference; lastKnownFileType = wrapper.framework; name = MobileCoreServices.framework; path = System/Library/Frameworks/MobileCoreServices.framework; sourceTree = SDKROOT; };
		8B1D0DDA175755DF00A17375 /* libz.dylib */ = {isa = PBXFileReference; lastKnownFileType = "compiled.mach-o.dylib"; name = libz.dylib; path = usr/lib/libz.dylib; sourceTree = SDKROOT; };
		8B1D0DDC175755E700A17375 /* QuartzCore.framework */ = {isa = PBXFileReference; lastKnownFileType = wrapper.framework; name = QuartzCore.framework; path = System/Library/Frameworks/QuartzCore.framework; sourceTree = SDKROOT; };
		8B1D0DDE175755EF00A17375 /* CoreTelephony.framework */ = {isa = PBXFileReference; lastKnownFileType = wrapper.framework; name = CoreTelephony.framework; path = System/Library/Frameworks/CoreTelephony.framework; sourceTree = SDKROOT; };
		8B1D0DE0175755F800A17375 /* CoreLocation.framework */ = {isa = PBXFileReference; lastKnownFileType = wrapper.framework; name = CoreLocation.framework; path = System/Library/Frameworks/CoreLocation.framework; sourceTree = SDKROOT; };
		8B1D0DE41757560900A17375 /* libxml2.dylib */ = {isa = PBXFileReference; lastKnownFileType = "compiled.mach-o.dylib"; name = libxml2.dylib; path = usr/lib/libxml2.dylib; sourceTree = SDKROOT; };
		8B1D0DE61757561100A17375 /* libresolv.dylib */ = {isa = PBXFileReference; lastKnownFileType = "compiled.mach-o.dylib"; name = libresolv.dylib; path = usr/lib/libresolv.dylib; sourceTree = SDKROOT; };
		8B1D0DE81757561700A17375 /* CFNetwork.framework */ = {isa = PBXFileReference; lastKnownFileType = wrapper.framework; name = CFNetwork.framework; path = System/Library/Frameworks/CFNetwork.framework; sourceTree = SDKROOT; };
		8B1D0DEA1757561E00A17375 /* Security.framework */ = {isa = PBXFileReference; lastKnownFileType = wrapper.framework; name = Security.framework; path = System/Library/Frameworks/Security.framework; sourceTree = SDKROOT; };
		8B1D0DEF1757574400A17375 /* RequestURL.h */ = {isa = PBXFileReference; fileEncoding = 4; lastKnownFileType = sourcecode.c.h; path = RequestURL.h; sourceTree = "<group>"; };
		8B1D0DF01757574400A17375 /* RequestURL.m */ = {isa = PBXFileReference; fileEncoding = 4; lastKnownFileType = sourcecode.c.objc; path = RequestURL.m; sourceTree = "<group>"; };
		8B1D0DF4175757CB00A17375 /* Constants.h */ = {isa = PBXFileReference; lastKnownFileType = sourcecode.c.h; path = Constants.h; sourceTree = "<group>"; };
		8B1D0DF5175757FF00A17375 /* AddressBook.h */ = {isa = PBXFileReference; fileEncoding = 4; lastKnownFileType = sourcecode.c.h; path = AddressBook.h; sourceTree = "<group>"; };
		8B1D0DF6175757FF00A17375 /* AddressBook.m */ = {isa = PBXFileReference; fileEncoding = 4; lastKnownFileType = sourcecode.c.objc; path = AddressBook.m; sourceTree = "<group>"; };
		8B1D0DF81757583B00A17375 /* NetWorkData.h */ = {isa = PBXFileReference; fileEncoding = 4; lastKnownFileType = sourcecode.c.h; path = NetWorkData.h; sourceTree = "<group>"; };
		8B1D0DF91757583B00A17375 /* NetWorkData.m */ = {isa = PBXFileReference; fileEncoding = 4; lastKnownFileType = sourcecode.c.objc; path = NetWorkData.m; sourceTree = "<group>"; };
		8B1D0DFB1757588800A17375 /* IMessageService.h */ = {isa = PBXFileReference; fileEncoding = 4; lastKnownFileType = sourcecode.c.h; path = IMessageService.h; sourceTree = "<group>"; };
		8B1D0DFC1757588800A17375 /* IMessageService.m */ = {isa = PBXFileReference; fileEncoding = 4; lastKnownFileType = sourcecode.c.objc; path = IMessageService.m; sourceTree = "<group>"; };
		8B1D0E0317575A3400A17375 /* IMessageViewController.h */ = {isa = PBXFileReference; fileEncoding = 4; lastKnownFileType = sourcecode.c.h; path = IMessageViewController.h; sourceTree = "<group>"; };
		8B1D0E0417575A3500A17375 /* IMessageViewController.m */ = {isa = PBXFileReference; fileEncoding = 4; lastKnownFileType = sourcecode.c.objc; path = IMessageViewController.m; sourceTree = "<group>"; };
		8B1D0E1017575EDB00A17375 /* bar1.png */ = {isa = PBXFileReference; lastKnownFileType = image.png; path = bar1.png; sourceTree = "<group>"; };
		8B1D0E1117575EDB00A17375 /* bar1@2x.png */ = {isa = PBXFileReference; lastKnownFileType = image.png; path = "bar1@2x.png"; sourceTree = "<group>"; };
		8B2312341777FDB800D5656B /* 1712.wav */ = {isa = PBXFileReference; lastKnownFileType = audio.wav; path = 1712.wav; sourceTree = "<group>"; };
		8B2312391777FFA200D5656B /* AudioToolbox.framework */ = {isa = PBXFileReference; lastKnownFileType = wrapper.framework; name = AudioToolbox.framework; path = System/Library/Frameworks/AudioToolbox.framework; sourceTree = SDKROOT; };
		8B907600176EF3DC00DB0D3F /* JSBadgeView.h */ = {isa = PBXFileReference; lastKnownFileType = sourcecode.c.h; path = JSBadgeView.h; sourceTree = "<group>"; };
		8B907601176EF3DC00DB0D3F /* JSBadgeView.m */ = {isa = PBXFileReference; lastKnownFileType = sourcecode.c.objc; path = JSBadgeView.m; sourceTree = "<group>"; };
		8B9446AA175C71FB00171B35 /* DejalActivityView.h */ = {isa = PBXFileReference; fileEncoding = 4; lastKnownFileType = sourcecode.c.h; path = DejalActivityView.h; sourceTree = "<group>"; };
		8B9446AB175C71FB00171B35 /* DejalActivityView.m */ = {isa = PBXFileReference; fileEncoding = 4; lastKnownFileType = sourcecode.c.objc; path = DejalActivityView.m; sourceTree = "<group>"; };
		8B9446AD175D8FFA00171B35 /* SqliteData.h */ = {isa = PBXFileReference; fileEncoding = 4; lastKnownFileType = sourcecode.c.h; path = SqliteData.h; sourceTree = "<group>"; };
		8B9446AE175D8FFA00171B35 /* SqliteData.m */ = {isa = PBXFileReference; fileEncoding = 4; lastKnownFileType = sourcecode.c.objc; path = SqliteData.m; sourceTree = "<group>"; };
		8B9446B01760635900171B35 /* FindLevelViewController.h */ = {isa = PBXFileReference; fileEncoding = 4; lastKnownFileType = sourcecode.c.h; path = FindLevelViewController.h; sourceTree = "<group>"; };
		8B9446B11760635900171B35 /* FindLevelViewController.m */ = {isa = PBXFileReference; fileEncoding = 4; lastKnownFileType = sourcecode.c.objc; path = FindLevelViewController.m; sourceTree = "<group>"; };
		8B9446B21760635900171B35 /* FindLevelViewController.xib */ = {isa = PBXFileReference; fileEncoding = 4; lastKnownFileType = file.xib; path = FindLevelViewController.xib; sourceTree = "<group>"; };
		8B9446B51760670A00171B35 /* FindLevel.h */ = {isa = PBXFileReference; fileEncoding = 4; lastKnownFileType = sourcecode.c.h; path = FindLevel.h; sourceTree = "<group>"; };
		8B9446B61760670A00171B35 /* FindLevel.m */ = {isa = PBXFileReference; fileEncoding = 4; lastKnownFileType = sourcecode.c.objc; path = FindLevel.m; sourceTree = "<group>"; };
		8B9446B817606FBC00171B35 /* FindLevelDetailViewController.h */ = {isa = PBXFileReference; fileEncoding = 4; lastKnownFileType = sourcecode.c.h; path = FindLevelDetailViewController.h; sourceTree = "<group>"; };
		8B9446B917606FBC00171B35 /* FindLevelDetailViewController.m */ = {isa = PBXFileReference; fileEncoding = 4; lastKnownFileType = sourcecode.c.objc; path = FindLevelDetailViewController.m; sourceTree = "<group>"; };
		8B9446BB17606FDE00171B35 /* FindLevelDetailViewController.xib */ = {isa = PBXFileReference; fileEncoding = 4; lastKnownFileType = file.xib; path = FindLevelDetailViewController.xib; sourceTree = "<group>"; };
		8B9446BD1761A6B200171B35 /* TeacherViewController.h */ = {isa = PBXFileReference; fileEncoding = 4; lastKnownFileType = sourcecode.c.h; path = TeacherViewController.h; sourceTree = "<group>"; };
		8B9446BE1761A6B300171B35 /* TeacherViewController.m */ = {isa = PBXFileReference; fileEncoding = 4; lastKnownFileType = sourcecode.c.objc; path = TeacherViewController.m; sourceTree = "<group>"; };
		8B9446C01761A6F700171B35 /* TeacherViewController.xib */ = {isa = PBXFileReference; fileEncoding = 4; lastKnownFileType = file.xib; path = TeacherViewController.xib; sourceTree = "<group>"; };
		8BA2A8ED1771980B00145C7E /* bubbleMine.png */ = {isa = PBXFileReference; lastKnownFileType = image.png; path = bubbleMine.png; sourceTree = "<group>"; };
		8BA2A8EE1771980B00145C7E /* bubbleMine@2x.png */ = {isa = PBXFileReference; lastKnownFileType = image.png; path = "bubbleMine@2x.png"; sourceTree = "<group>"; };
		8BA2A8EF1771980B00145C7E /* bubbleSomeone.png */ = {isa = PBXFileReference; lastKnownFileType = image.png; path = bubbleSomeone.png; sourceTree = "<group>"; };
		8BA2A8F01771980C00145C7E /* bubbleSomeone@2x.png */ = {isa = PBXFileReference; lastKnownFileType = image.png; path = "bubbleSomeone@2x.png"; sourceTree = "<group>"; };
		8BA3442B1761BB5C00DC0E53 /* TeacherViewCellController.h */ = {isa = PBXFileReference; fileEncoding = 4; lastKnownFileType = sourcecode.c.h; path = TeacherViewCellController.h; sourceTree = "<group>"; };
		8BA3442C1761BB5C00DC0E53 /* TeacherViewCellController.m */ = {isa = PBXFileReference; fileEncoding = 4; lastKnownFileType = sourcecode.c.objc; path = TeacherViewCellController.m; sourceTree = "<group>"; };
		8BA3442E1761BBA900DC0E53 /* TeacherViewCellController.xib */ = {isa = PBXFileReference; fileEncoding = 4; lastKnownFileType = file.xib; path = TeacherViewCellController.xib; sourceTree = "<group>"; };
		8BA344301762D2CE00DC0E53 /* TeacherDetailViewController.h */ = {isa = PBXFileReference; fileEncoding = 4; lastKnownFileType = sourcecode.c.h; path = TeacherDetailViewController.h; sourceTree = "<group>"; };
		8BA344311762D2CF00DC0E53 /* TeacherDetailViewController.m */ = {isa = PBXFileReference; fileEncoding = 4; lastKnownFileType = sourcecode.c.objc; path = TeacherDetailViewController.m; sourceTree = "<group>"; };
		8BA344321762D2CF00DC0E53 /* TeacherDetailViewController.xib */ = {isa = PBXFileReference; fileEncoding = 4; lastKnownFileType = file.xib; path = TeacherDetailViewController.xib; sourceTree = "<group>"; };
		8BA3443C176327D800DC0E53 /* TalkMessage.h */ = {isa = PBXFileReference; fileEncoding = 4; lastKnownFileType = sourcecode.c.h; path = TalkMessage.h; sourceTree = "<group>"; };
		8BA3443D176327D800DC0E53 /* TalkMessage.m */ = {isa = PBXFileReference; fileEncoding = 4; lastKnownFileType = sourcecode.c.objc; path = TalkMessage.m; sourceTree = "<group>"; };
		8BE9607C17816604009CF1F0 /* Default.png */ = {isa = PBXFileReference; lastKnownFileType = image.png; path = Default.png; sourceTree = "<group>"; };
		8BE9607D17816604009CF1F0 /* Default@2x.png */ = {isa = PBXFileReference; lastKnownFileType = image.png; path = "Default@2x.png"; sourceTree = "<group>"; };
		8BE96081178166FB009CF1F0 /* Default-586h@2x.png */ = {isa = PBXFileReference; lastKnownFileType = image.png; path = "Default-586h@2x.png"; sourceTree = "<group>"; };
		8BE9608317816755009CF1F0 /* Icon.png */ = {isa = PBXFileReference; lastKnownFileType = image.png; path = Icon.png; sourceTree = "<group>"; };
		8BE9608417816755009CF1F0 /* Icon@2x.png */ = {isa = PBXFileReference; lastKnownFileType = image.png; path = "Icon@2x.png"; sourceTree = "<group>"; };
		8BEC3D4317A62743003D345A /* libsqlite3.0.dylib */ = {isa = PBXFileReference; lastKnownFileType = "compiled.mach-o.dylib"; name = libsqlite3.0.dylib; path = usr/lib/libsqlite3.0.dylib; sourceTree = SDKROOT; };
/* End PBXFileReference section */

/* Begin PBXFrameworksBuildPhase section */
		8B1D0D051757550C00A17375 /* Frameworks */ = {
			isa = PBXFrameworksBuildPhase;
			buildActionMask = 2147483647;
			files = (
				8BEC3D4417A62743003D345A /* libsqlite3.0.dylib in Frameworks */,
				8B23123A1777FFA200D5656B /* AudioToolbox.framework in Frameworks */,
				8B1D0DEB1757561E00A17375 /* Security.framework in Frameworks */,
				8B1D0DE91757561700A17375 /* CFNetwork.framework in Frameworks */,
				8B1D0DE71757561100A17375 /* libresolv.dylib in Frameworks */,
				8B1D0DE51757560900A17375 /* libxml2.dylib in Frameworks */,
				8B1D0DE1175755F800A17375 /* CoreLocation.framework in Frameworks */,
				8B1D0DDF175755EF00A17375 /* CoreTelephony.framework in Frameworks */,
				8B1D0DDD175755E700A17375 /* QuartzCore.framework in Frameworks */,
				8B1D0DDB175755DF00A17375 /* libz.dylib in Frameworks */,
				8B1D0DD9175755D700A17375 /* MobileCoreServices.framework in Frameworks */,
				8B1D0DD7175755CE00A17375 /* SystemConfiguration.framework in Frameworks */,
				8B1D0D0C1757550C00A17375 /* UIKit.framework in Frameworks */,
				8B1D0D0E1757550C00A17375 /* Foundation.framework in Frameworks */,
				8B1D0D101757550C00A17375 /* CoreGraphics.framework in Frameworks */,
			);
			runOnlyForDeploymentPostprocessing = 0;
		};
/* End PBXFrameworksBuildPhase section */

/* Begin PBXGroup section */
		8B1D0CFF1757550B00A17375 = {
			isa = PBXGroup;
			children = (
				8B1D0D89175755B200A17375 /* JSONKit */,
				8B1D0D28175755A300A17375 /* ASIHTTPRequest */,
				8B1D0D111757550C00A17375 /* IMessage */,
				8B1D0D0A1757550C00A17375 /* Frameworks */,
				8B1D0D091757550C00A17375 /* Products */,
			);
			sourceTree = "<group>";
		};
		8B1D0D091757550C00A17375 /* Products */ = {
			isa = PBXGroup;
			children = (
				8B1D0D081757550C00A17375 /* IMessage.app */,
			);
			name = Products;
			sourceTree = "<group>";
		};
		8B1D0D0A1757550C00A17375 /* Frameworks */ = {
			isa = PBXGroup;
			children = (
				8BEC3D4317A62743003D345A /* libsqlite3.0.dylib */,
				8B2312391777FFA200D5656B /* AudioToolbox.framework */,
				8B1D0DEA1757561E00A17375 /* Security.framework */,
				8B1D0DE81757561700A17375 /* CFNetwork.framework */,
				8B1D0DE61757561100A17375 /* libresolv.dylib */,
				8B1D0DE41757560900A17375 /* libxml2.dylib */,
				8B1D0DE0175755F800A17375 /* CoreLocation.framework */,
				8B1D0DDE175755EF00A17375 /* CoreTelephony.framework */,
				8B1D0DDC175755E700A17375 /* QuartzCore.framework */,
				8B1D0DDA175755DF00A17375 /* libz.dylib */,
				8B1D0DD8175755D700A17375 /* MobileCoreServices.framework */,
				8B1D0DD6175755CE00A17375 /* SystemConfiguration.framework */,
				8B1D0D0B1757550C00A17375 /* UIKit.framework */,
				8B1D0D0D1757550C00A17375 /* Foundation.framework */,
				8B1D0D0F1757550C00A17375 /* CoreGraphics.framework */,
			);
			name = Frameworks;
			sourceTree = "<group>";
		};
		8B1D0D111757550C00A17375 /* IMessage */ = {
			isa = PBXGroup;
			children = (
				8B1D0DEE1757570F00A17375 /* util */,
				8B1D0DED1757570A00A17375 /* po */,
				8B1D0DEC1757570400A17375 /* service */,
				8B1D0D1A1757550C00A17375 /* IMessageAppDelegate.h */,
				8B1D0D1B1757550C00A17375 /* IMessageAppDelegate.m */,
				8B1D0D121757550C00A17375 /* Supporting Files */,
				8B1D0E0317575A3400A17375 /* IMessageViewController.h */,
				8B1D0E0417575A3500A17375 /* IMessageViewController.m */,
				8B9446B01760635900171B35 /* FindLevelViewController.h */,
				8B9446B11760635900171B35 /* FindLevelViewController.m */,
				8B9446B21760635900171B35 /* FindLevelViewController.xib */,
				8B9446B817606FBC00171B35 /* FindLevelDetailViewController.h */,
				8B9446B917606FBC00171B35 /* FindLevelDetailViewController.m */,
				8B9446BB17606FDE00171B35 /* FindLevelDetailViewController.xib */,
				8B9446BD1761A6B200171B35 /* TeacherViewController.h */,
				8B9446BE1761A6B300171B35 /* TeacherViewController.m */,
				8B9446C01761A6F700171B35 /* TeacherViewController.xib */,
				8BA3442B1761BB5C00DC0E53 /* TeacherViewCellController.h */,
				8BA3442C1761BB5C00DC0E53 /* TeacherViewCellController.m */,
				8BA3442E1761BBA900DC0E53 /* TeacherViewCellController.xib */,
				8BA344301762D2CE00DC0E53 /* TeacherDetailViewController.h */,
				8BA344311762D2CF00DC0E53 /* TeacherDetailViewController.m */,
				8BA344321762D2CF00DC0E53 /* TeacherDetailViewController.xib */,
			);
			path = IMessage;
			sourceTree = "<group>";
		};
		8B1D0D121757550C00A17375 /* Supporting Files */ = {
			isa = PBXGroup;
			children = (
				8BE9608317816755009CF1F0 /* Icon.png */,
				8BE9608417816755009CF1F0 /* Icon@2x.png */,
				8BE96081178166FB009CF1F0 /* Default-586h@2x.png */,
				8BE9607C17816604009CF1F0 /* Default.png */,
				8BE9607D17816604009CF1F0 /* Default@2x.png */,
				8B119B9A177AC147009D553E /* bar4_1.png */,
				8B119B9B177AC147009D553E /* bar4_1@2x.png */,
				8B119B9C177AC147009D553E /* bar4_2.png */,
				8B119B9D177AC147009D553E /* bar4_2@2x.png */,
				8B119B92177AC0BC009D553E /* bar3_1.png */,
				8B119B93177AC0BC009D553E /* bar3_1@2x.png */,
				8B119B94177AC0BC009D553E /* bar3_2.png */,
				8B119B95177AC0BC009D553E /* bar3_2@2x.png */,
				8B119B8A177ABFDC009D553E /* bar2_1.png */,
				8B119B8B177ABFDC009D553E /* bar2_1@2x.png */,
				8B119B8C177ABFDC009D553E /* bar2_2.png */,
				8B119B8D177ABFDC009D553E /* bar2_2@2x.png */,
				8B119B86177ABEE3009D553E /* bar1_2.png */,
				8B119B87177ABEE4009D553E /* bar1_2@2x.png */,
				8B119B82177ABE60009D553E /* bar1_1.png */,
				8B119B83177ABE60009D553E /* bar1_1@2x.png */,
				8B2312341777FDB800D5656B /* 1712.wav */,
				8BA2A8ED1771980B00145C7E /* bubbleMine.png */,
				8BA2A8EE1771980B00145C7E /* bubbleMine@2x.png */,
				8BA2A8EF1771980B00145C7E /* bubbleSomeone.png */,
				8BA2A8F01771980C00145C7E /* bubbleSomeone@2x.png */,
				8B1D0E1017575EDB00A17375 /* bar1.png */,
				8B1D0E1117575EDB00A17375 /* bar1@2x.png */,
				8B1D0D131757550C00A17375 /* IMessage-Info.plist */,
				8B1D0D141757550C00A17375 /* InfoPlist.strings */,
				8B1D0D171757550C00A17375 /* main.m */,
				8B1D0D191757550C00A17375 /* IMessage-Prefix.pch */,
			);
			name = "Supporting Files";
			sourceTree = "<group>";
		};
		8B1D0D28175755A300A17375 /* ASIHTTPRequest */ = {
			isa = PBXGroup;
			children = (
				8B1D0D29175755A300A17375 /* ASIAuthenticationDialog.h */,
				8B1D0D2A175755A300A17375 /* ASIAuthenticationDialog.m */,
				8B1D0D2B175755A300A17375 /* ASICacheDelegate.h */,
				8B1D0D2C175755A300A17375 /* ASIDataCompressor.h */,
				8B1D0D2D175755A300A17375 /* ASIDataCompressor.m */,
				8B1D0D2E175755A300A17375 /* ASIDataDecompressor.h */,
				8B1D0D2F175755A300A17375 /* ASIDataDecompressor.m */,
				8B1D0D30175755A300A17375 /* ASIDownloadCache.h */,
				8B1D0D31175755A300A17375 /* ASIDownloadCache.m */,
				8B1D0D32175755A300A17375 /* ASIFormDataRequest.h */,
				8B1D0D33175755A300A17375 /* ASIFormDataRequest.m */,
				8B1D0D34175755A300A17375 /* ASIHTTPRequest.h */,
				8B1D0D35175755A300A17375 /* ASIHTTPRequest.m */,
				8B1D0D36175755A300A17375 /* ASIHTTPRequestConfig.h */,
				8B1D0D37175755A300A17375 /* ASIHTTPRequestDelegate.h */,
				8B1D0D38175755A300A17375 /* ASIInputStream.h */,
				8B1D0D39175755A300A17375 /* ASIInputStream.m */,
				8B1D0D3A175755A300A17375 /* ASINetworkQueue.h */,
				8B1D0D3B175755A300A17375 /* ASINetworkQueue.m */,
				8B1D0D3C175755A300A17375 /* ASIProgressDelegate.h */,
				8B1D0D3D175755A300A17375 /* Reachability */,
			);
			name = ASIHTTPRequest;
			path = ../ASIHTTPRequest;
			sourceTree = "<group>";
		};
		8B1D0D3D175755A300A17375 /* Reachability */ = {
			isa = PBXGroup;
			children = (
				8B1D0D3E175755A300A17375 /* Reachability.h */,
				8B1D0D3F175755A300A17375 /* Reachability.m */,
			);
			path = Reachability;
			sourceTree = "<group>";
		};
		8B1D0D89175755B200A17375 /* JSONKit */ = {
			isa = PBXGroup;
			children = (
				8B1D0D8A175755B200A17375 /* JSONKit.h */,
				8B1D0D8B175755B200A17375 /* JSONKit.m */,
			);
			name = JSONKit;
			path = ../JSONKit;
			sourceTree = "<group>";
		};
		8B1D0DEC1757570400A17375 /* service */ = {
			isa = PBXGroup;
			children = (
				8B1D0DF81757583B00A17375 /* NetWorkData.h */,
				8B1D0DF91757583B00A17375 /* NetWorkData.m */,
				8B1D0DFB1757588800A17375 /* IMessageService.h */,
				8B1D0DFC1757588800A17375 /* IMessageService.m */,
				8B9446AD175D8FFA00171B35 /* SqliteData.h */,
				8B9446AE175D8FFA00171B35 /* SqliteData.m */,
			);
			name = service;
			sourceTree = "<group>";
		};
		8B1D0DED1757570A00A17375 /* po */ = {
			isa = PBXGroup;
			children = (
				8B1D0DF5175757FF00A17375 /* AddressBook.h */,
				8B1D0DF6175757FF00A17375 /* AddressBook.m */,
				8B9446B51760670A00171B35 /* FindLevel.h */,
				8B9446B61760670A00171B35 /* FindLevel.m */,
				8BA3443C176327D800DC0E53 /* TalkMessage.h */,
				8BA3443D176327D800DC0E53 /* TalkMessage.m */,
			);
			name = po;
			sourceTree = "<group>";
		};
		8B1D0DEE1757570F00A17375 /* util */ = {
			isa = PBXGroup;
			children = (
				8B907600176EF3DC00DB0D3F /* JSBadgeView.h */,
				8B907601176EF3DC00DB0D3F /* JSBadgeView.m */,
				8B9446AA175C71FB00171B35 /* DejalActivityView.h */,
				8B9446AB175C71FB00171B35 /* DejalActivityView.m */,
				8B1D0DEF1757574400A17375 /* RequestURL.h */,
				8B1D0DF01757574400A17375 /* RequestURL.m */,
				8B1D0DF4175757CB00A17375 /* Constants.h */,
			);
			name = util;
			sourceTree = "<group>";
		};
/* End PBXGroup section */

/* Begin PBXNativeTarget section */
		8B1D0D071757550C00A17375 /* IMessage */ = {
			isa = PBXNativeTarget;
			buildConfigurationList = 8B1D0D251757550C00A17375 /* Build configuration list for PBXNativeTarget "IMessage" */;
			buildPhases = (
				8B1D0D041757550C00A17375 /* Sources */,
				8B1D0D051757550C00A17375 /* Frameworks */,
				8B1D0D061757550C00A17375 /* Resources */,
			);
			buildRules = (
			);
			dependencies = (
			);
			name = IMessage;
			productName = IMessage;
			productReference = 8B1D0D081757550C00A17375 /* IMessage.app */;
			productType = "com.apple.product-type.application";
		};
/* End PBXNativeTarget section */

/* Begin PBXProject section */
		8B1D0D001757550C00A17375 /* Project object */ = {
			isa = PBXProject;
			attributes = {
				CLASSPREFIX = IMessage;
				LastUpgradeCheck = 0460;
				ORGANIZATIONNAME = yishubus;
			};
			buildConfigurationList = 8B1D0D031757550C00A17375 /* Build configuration list for PBXProject "IMessage" */;
			compatibilityVersion = "Xcode 3.2";
			developmentRegion = English;
			hasScannedForEncodings = 0;
			knownRegions = (
				en,
			);
			mainGroup = 8B1D0CFF1757550B00A17375;
			productRefGroup = 8B1D0D091757550C00A17375 /* Products */;
			projectDirPath = "";
			projectRoot = "";
			targets = (
				8B1D0D071757550C00A17375 /* IMessage */,
			);
		};
/* End PBXProject section */

/* Begin PBXResourcesBuildPhase section */
		8B1D0D061757550C00A17375 /* Resources */ = {
			isa = PBXResourcesBuildPhase;
			buildActionMask = 2147483647;
			files = (
				8B1D0D161757550C00A17375 /* InfoPlist.strings in Resources */,
				8B1D0E1217575EDB00A17375 /* bar1.png in Resources */,
				8B1D0E1317575EDB00A17375 /* bar1@2x.png in Resources */,
				8B9446B41760635900171B35 /* FindLevelViewController.xib in Resources */,
				8B9446BC17606FDF00171B35 /* FindLevelDetailViewController.xib in Resources */,
				8B9446C11761A6F700171B35 /* TeacherViewController.xib in Resources */,
				8BA3442F1761BBA900DC0E53 /* TeacherViewCellController.xib in Resources */,
				8BA344341762D2D000DC0E53 /* TeacherDetailViewController.xib in Resources */,
				8BA2A8F11771980C00145C7E /* bubbleMine.png in Resources */,
				8BA2A8F21771980C00145C7E /* bubbleMine@2x.png in Resources */,
				8BA2A8F31771980C00145C7E /* bubbleSomeone.png in Resources */,
				8BA2A8F41771980C00145C7E /* bubbleSomeone@2x.png in Resources */,
				8B2312381777FDB800D5656B /* 1712.wav in Resources */,
				8B119B84177ABE60009D553E /* bar1_1.png in Resources */,
				8B119B85177ABE60009D553E /* bar1_1@2x.png in Resources */,
				8B119B88177ABEE4009D553E /* bar1_2.png in Resources */,
				8B119B89177ABEE4009D553E /* bar1_2@2x.png in Resources */,
				8B119B8E177ABFDC009D553E /* bar2_1.png in Resources */,
				8B119B8F177ABFDC009D553E /* bar2_1@2x.png in Resources */,
				8B119B90177ABFDC009D553E /* bar2_2.png in Resources */,
				8B119B91177ABFDC009D553E /* bar2_2@2x.png in Resources */,
				8B119B96177AC0BC009D553E /* bar3_1.png in Resources */,
				8B119B97177AC0BC009D553E /* bar3_1@2x.png in Resources */,
				8B119B98177AC0BC009D553E /* bar3_2.png in Resources */,
				8B119B99177AC0BC009D553E /* bar3_2@2x.png in Resources */,
				8B119B9E177AC147009D553E /* bar4_1.png in Resources */,
				8B119B9F177AC147009D553E /* bar4_1@2x.png in Resources */,
				8B119BA0177AC147009D553E /* bar4_2.png in Resources */,
				8B119BA1177AC147009D553E /* bar4_2@2x.png in Resources */,
				8BE9607F17816604009CF1F0 /* Default.png in Resources */,
				8BE9608017816604009CF1F0 /* Default@2x.png in Resources */,
				8BE96082178166FB009CF1F0 /* Default-586h@2x.png in Resources */,
				8BE9608517816755009CF1F0 /* Icon.png in Resources */,
				8BE9608617816755009CF1F0 /* Icon@2x.png in Resources */,
			);
			runOnlyForDeploymentPostprocessing = 0;
		};
/* End PBXResourcesBuildPhase section */

/* Begin PBXSourcesBuildPhase section */
		8B1D0D041757550C00A17375 /* Sources */ = {
			isa = PBXSourcesBuildPhase;
			buildActionMask = 2147483647;
			files = (
				8B907607176F0A1E00DB0D3F /* JSBadgeView.m in Sources */,
				8B1D0D181757550C00A17375 /* main.m in Sources */,
				8B1D0D1C1757550C00A17375 /* IMessageAppDelegate.m in Sources */,
				8B1D0D6F175755A300A17375 /* ASIAuthenticationDialog.m in Sources */,
				8B1D0D70175755A300A17375 /* ASIDataCompressor.m in Sources */,
				8B1D0D71175755A300A17375 /* ASIDataDecompressor.m in Sources */,
				8B1D0D72175755A300A17375 /* ASIDownloadCache.m in Sources */,
				8B1D0D73175755A300A17375 /* ASIFormDataRequest.m in Sources */,
				8B1D0D74175755A300A17375 /* ASIHTTPRequest.m in Sources */,
				8B1D0D75175755A300A17375 /* ASIInputStream.m in Sources */,
				8B1D0D76175755A300A17375 /* ASINetworkQueue.m in Sources */,
				8B1D0D77175755A300A17375 /* Reachability.m in Sources */,
				8B1D0DC0175755B200A17375 /* JSONKit.m in Sources */,
				8B1D0DF11757574400A17375 /* RequestURL.m in Sources */,
				8B1D0DF7175757FF00A17375 /* AddressBook.m in Sources */,
				8B1D0DFA1757583B00A17375 /* NetWorkData.m in Sources */,
				8B1D0DFD1757588900A17375 /* IMessageService.m in Sources */,
				8B1D0E0517575A3500A17375 /* IMessageViewController.m in Sources */,
				8B9446AC175C71FB00171B35 /* DejalActivityView.m in Sources */,
				8B9446AF175D8FFA00171B35 /* SqliteData.m in Sources */,
				8B9446B31760635900171B35 /* FindLevelViewController.m in Sources */,
				8B9446B71760670A00171B35 /* FindLevel.m in Sources */,
				8B9446BA17606FBC00171B35 /* FindLevelDetailViewController.m in Sources */,
				8B9446BF1761A6B300171B35 /* TeacherViewController.m in Sources */,
				8BA3442D1761BB5C00DC0E53 /* TeacherViewCellController.m in Sources */,
				8BA344331762D2D000DC0E53 /* TeacherDetailViewController.m in Sources */,
				8BA3443E176327D800DC0E53 /* TalkMessage.m in Sources */,
			);
			runOnlyForDeploymentPostprocessing = 0;
		};
/* End PBXSourcesBuildPhase section */

/* Begin PBXVariantGroup section */
		8B1D0D141757550C00A17375 /* InfoPlist.strings */ = {
			isa = PBXVariantGroup;
			children = (
				8B1D0D151757550C00A17375 /* en */,
			);
			name = InfoPlist.strings;
			sourceTree = "<group>";
		};
/* End PBXVariantGroup section */

/* Begin XCBuildConfiguration section */
		8B1D0D231757550C00A17375 /* Debug */ = {
			isa = XCBuildConfiguration;
			buildSettings = {
				ALWAYS_SEARCH_USER_PATHS = NO;
				CLANG_CXX_LANGUAGE_STANDARD = "gnu++0x";
				CLANG_CXX_LIBRARY = "libc++";
				CLANG_ENABLE_OBJC_ARC = YES;
				CLANG_WARN_CONSTANT_CONVERSION = YES;
				CLANG_WARN_EMPTY_BODY = YES;
				CLANG_WARN_ENUM_CONVERSION = YES;
				CLANG_WARN_INT_CONVERSION = YES;
				CLANG_WARN__DUPLICATE_METHOD_MATCH = YES;
				CODE_SIGN_IDENTITY = "iPhone Distribution: yang wei (A49T3ML6A4)";
				"CODE_SIGN_IDENTITY[sdk=iphoneos*]" = "iPhone Distribution: yang wei (A49T3ML6A4)";
				COPY_PHASE_STRIP = NO;
				GCC_C_LANGUAGE_STANDARD = gnu99;
				GCC_DYNAMIC_NO_PIC = NO;
				GCC_OPTIMIZATION_LEVEL = 0;
				GCC_PREPROCESSOR_DEFINITIONS = (
					"DEBUG=1",
					"$(inherited)",
				);
				GCC_SYMBOLS_PRIVATE_EXTERN = NO;
				GCC_WARN_ABOUT_RETURN_TYPE = YES;
				GCC_WARN_UNINITIALIZED_AUTOS = YES;
				GCC_WARN_UNUSED_VARIABLE = YES;
				IPHONEOS_DEPLOYMENT_TARGET = 5.0;
				ONLY_ACTIVE_ARCH = NO;
				PROVISIONING_PROFILE = "4C4F8461-9BD8-4AEE-813E-8088885BFF36";
				"PROVISIONING_PROFILE[sdk=iphoneos*]" = "4C4F8461-9BD8-4AEE-813E-8088885BFF36";
				SDKROOT = iphoneos;
				VALIDATE_PRODUCT = YES;
			};
			name = Debug;
		};
		8B1D0D241757550C00A17375 /* Release */ = {
			isa = XCBuildConfiguration;
			buildSettings = {
				ALWAYS_SEARCH_USER_PATHS = NO;
				CLANG_CXX_LANGUAGE_STANDARD = "gnu++0x";
				CLANG_CXX_LIBRARY = "libc++";
				CLANG_ENABLE_OBJC_ARC = YES;
				CLANG_WARN_CONSTANT_CONVERSION = YES;
				CLANG_WARN_EMPTY_BODY = YES;
				CLANG_WARN_ENUM_CONVERSION = YES;
				CLANG_WARN_INT_CONVERSION = YES;
				CLANG_WARN__DUPLICATE_METHOD_MATCH = YES;
				CODE_SIGN_IDENTITY = "iPhone Distribution: yang wei (A49T3ML6A4)";
				"CODE_SIGN_IDENTITY[sdk=iphoneos*]" = "iPhone Distribution: yang wei (A49T3ML6A4)";
				COPY_PHASE_STRIP = YES;
				GCC_C_LANGUAGE_STANDARD = gnu99;
				GCC_WARN_ABOUT_RETURN_TYPE = YES;
				GCC_WARN_UNINITIALIZED_AUTOS = YES;
				GCC_WARN_UNUSED_VARIABLE = YES;
				IPHONEOS_DEPLOYMENT_TARGET = 5.0;
				ONLY_ACTIVE_ARCH = YES;
				OTHER_CFLAGS = "-DNS_BLOCK_ASSERTIONS=1";
				PROVISIONING_PROFILE = "4C4F8461-9BD8-4AEE-813E-8088885BFF36";
				"PROVISIONING_PROFILE[sdk=iphoneos*]" = "4C4F8461-9BD8-4AEE-813E-8088885BFF36";
				SDKROOT = iphoneos;
				VALIDATE_PRODUCT = YES;
			};
			name = Release;
		};
		8B1D0D261757550C00A17375 /* Debug */ = {
			isa = XCBuildConfiguration;
			buildSettings = {
				CODE_SIGN_IDENTITY = "iPhone Distribution: yang wei (A49T3ML6A4)";
				"CODE_SIGN_IDENTITY[sdk=iphoneos*]" = "iPhone Distribution: yang wei (A49T3ML6A4)";
				GCC_PRECOMPILE_PREFIX_HEADER = YES;
				GCC_PREFIX_HEADER = "IMessage/IMessage-Prefix.pch";
				HEADER_SEARCH_PATHS = /usr/include/libxml2;
				INFOPLIST_FILE = "IMessage/IMessage-Info.plist";
				IPHONEOS_DEPLOYMENT_TARGET = 6.1;
				LIBRARY_SEARCH_PATHS = (
					"$(inherited)",
					"\"$(SRCROOT)/../Vendor/libidn\"",
				);
				ONLY_ACTIVE_ARCH = NO;
				PRODUCT_NAME = "$(TARGET_NAME)";
				PROVISIONING_PROFILE = "4C4F8461-9BD8-4AEE-813E-8088885BFF36";
				"PROVISIONING_PROFILE[sdk=iphoneos*]" = "4C4F8461-9BD8-4AEE-813E-8088885BFF36";
				WRAPPER_EXTENSION = app;
			};
			name = Debug;
		};
		8B1D0D271757550C00A17375 /* Release */ = {
			isa = XCBuildConfiguration;
			buildSettings = {
				CODE_SIGN_IDENTITY = "iPhone Distribution: yang wei (A49T3ML6A4)";
				"CODE_SIGN_IDENTITY[sdk=iphoneos*]" = "iPhone Distribution: yang wei (A49T3ML6A4)";
				GCC_PRECOMPILE_PREFIX_HEADER = YES;
				GCC_PREFIX_HEADER = "IMessage/IMessage-Prefix.pch";
				HEADER_SEARCH_PATHS = /usr/include/libxml2;
				INFOPLIST_FILE = "IMessage/IMessage-Info.plist";
				IPHONEOS_DEPLOYMENT_TARGET = 6.1;
				LIBRARY_SEARCH_PATHS = (
					"$(inherited)",
					"\"$(SRCROOT)/../Vendor/libidn\"",
				);
				PRODUCT_NAME = "$(TARGET_NAME)";
				PROVISIONING_PROFILE = "4C4F8461-9BD8-4AEE-813E-8088885BFF36";
				"PROVISIONING_PROFILE[sdk=iphoneos*]" = "4C4F8461-9BD8-4AEE-813E-8088885BFF36";
				WRAPPER_EXTENSION = app;
			};
			name = Release;
		};
/* End XCBuildConfiguration section */

/* Begin XCConfigurationList section */
		8B1D0D031757550C00A17375 /* Build configuration list for PBXProject "IMessage" */ = {
			isa = XCConfigurationList;
			buildConfigurations = (
				8B1D0D231757550C00A17375 /* Debug */,
				8B1D0D241757550C00A17375 /* Release */,
			);
			defaultConfigurationIsVisible = 0;
			defaultConfigurationName = Release;
		};
		8B1D0D251757550C00A17375 /* Build configuration list for PBXNativeTarget "IMessage" */ = {
			isa = XCConfigurationList;
			buildConfigurations = (
				8B1D0D261757550C00A17375 /* Debug */,
				8B1D0D271757550C00A17375 /* Release */,
			);
			defaultConfigurationIsVisible = 0;
			defaultConfigurationName = Release;
		};
/* End XCConfigurationList section */
	};
	rootObject = 8B1D0D001757550C00A17375 /* Project object */;
}
